{
    __meta__ = {
        version = "1.0"
    },
    ["windows|x64"] = {
        ["cmake#f56260b5"] = {
            repo = {
                branch = "master",
                commit = "152f49a311eef65fefdcaa0aa8d70e79ca75e128",
                url = "https://github.com/xmake-io/xmake-repo.git"
            },
            version = "4.2.3"
        },
        ["directxmath 2024.02#f56260b5"] = {
            repo = {
                branch = "master",
                commit = "152f49a311eef65fefdcaa0aa8d70e79ca75e128",
                url = "https://github.com/xmake-io/xmake-repo.git"
            },
            version = "2024.02"
        },
        ["directxtk 24.2.0#f56260b5"] = {
            repo = {
                branch = "master",
                commit = "152f49a311eef65fefdcaa0aa8d70e79ca75e128",
                url = "https://github.com/xmake-io/xmake-repo.git"
            },
            version = "24.2.0"
        },
        ["ninja#f56260b5"] = {
            repo = {
                branch = "master",
                commit = "152f49a311eef65fefdcaa0aa8d70e79ca75e128",
                url = "https://github.com/xmake-io/xmake-repo.git"
            },
            version = "1.12.1"
        },
        ["rapidcsv v8.92#f56260b5"] = {
            repo = {
                branch = "master",
                commit = "5343d94a3e18b86aa2f77a516afd177489f36142",
                url = "https://github.com/xmake-io/xmake-repo.git"
            },
            version = "v8.92"
        },
        ["spdlog v1.16.0#09c8c173"] = {
            repo = {
                branch = "master",
                commit = "152f49a311eef65fefdcaa0aa8d70e79ca75e128",
                url = "https://github.com/xmake-io/xmake-repo.git"
            },
            version = "v1.16.0"
        }
    }
}